{
  "name": "hw1",
  "version": "1.0.0",
  "lockfileVersion": 1,
  "requires": true,
  "dependencies": {
    "child_process": {
      "version": "1.0.2",
      "resolved": "https://registry.npmjs.org/child_process/-/child_process-1.0.2.tgz",
      "integrity": "sha1-sffn/HPSXn/R1FWtyU4UODAYK1o="
    },
    "threads.js": {
      "version": "0.6.1",
      "resolved": "https://registry.npmjs.org/threads.js/-/threads.js-0.6.1.tgz",
      "integrity": "sha1-4NX4PYG7sqxx/uIzkVQGMch8c1Q="
    }
  }
}
